<?xml version="1.0" encoding="utf-8"?>
<Project ToolsVersion="4.0" xmlns="http://schemas.microsoft.com/developer/msbuild/2003">
  <ItemGroup>
    <Filter Include="Source Files">
      <UniqueIdentifier>{4FC737F1-C7A5-4376-A066-2A32D752A2FF}</UniqueIdentifier>
      <Extensions>cpp;c;cc;cxx;def;odl;idl;hpj;bat;asm;asmx</Extensions>
    </Filter>
    <Filter Include="Header Files">
      <UniqueIdentifier>{93995380-89BD-4b04-88EB-625FBE52EBFB}</UniqueIdentifier>
      <Extensions>h;hh;hpp;hxx;hm;inl;inc;xsd</Extensions>
    </Filter>
    <Filter Include="Resource Files">
      <UniqueIdentifier>{31b9233d-08ef-4b9c-9796-72b597cd1574}</UniqueIdentifier>
    </Filter>
    <Filter Include="Resource Files\sound">
      <UniqueIdentifier>{a89a3a6e-8538-41b7-a5ff-ef05ec3c135e}</UniqueIdentifier>
    </Filter>
    <Filter Include="Resource Files\images">
      <UniqueIdentifier>{67DA6AB6-F800-4c08-8B7A-83BB121AAD01}</UniqueIdentifier>
      <Extensions>rc;ico;cur;bmp;dlg;rc2;rct;bin;rgs;gif;jpg;jpeg;jpe;resx;tiff;tif;png;wav</Extensions>
    </Filter>
    <Filter Include="Resource Files\levels">
      <UniqueIdentifier>{57e33690-41c5-4b67-8ef7-15ac705902fd}</UniqueIdentifier>
    </Filter>
    <Filter Include="Resource Files\images\screen_texture">
      <UniqueIdentifier>{9cc6c682-72a5-47b1-b5a7-af77ab30ea68}</UniqueIdentifier>
    </Filter>
    <Filter Include="Resource Files\images\tile_texture">
      <UniqueIdentifier>{a0b51eb7-12b4-44cb-b356-8888dffb65b4}</UniqueIdentifier>
    </Filter>
    <Filter Include="Resource Files\images\sprites">
      <UniqueIdentifier>{56c5b3de-17a7-41e7-99db-2a242668ffd3}</UniqueIdentifier>
    </Filter>
    <Filter Include="Header Files\Entities">
      <UniqueIdentifier>{8388b30f-8c7c-41e9-8664-c528b7027743}</UniqueIdentifier>
    </Filter>
    <Filter Include="Header Files\Scenes">
      <UniqueIdentifier>{9a58e513-8c60-46ea-ae32-0d8d06beab19}</UniqueIdentifier>
    </Filter>
    <Filter Include="Source Files\Entities">
      <UniqueIdentifier>{a0b84379-f4c0-4707-b7a1-affdb8e3919d}</UniqueIdentifier>
    </Filter>
    <Filter Include="Source Files\Scenes">
      <UniqueIdentifier>{dcb1a939-b03d-4e4a-9513-96e362e673db}</UniqueIdentifier>
    </Filter>
    <Filter Include="Source Files\Drawing">
      <UniqueIdentifier>{03f63ac2-6c1e-42d2-b283-8eb7c1afd696}</UniqueIdentifier>
    </Filter>
    <Filter Include="Source Files\Tiles">
      <UniqueIdentifier>{33b6939b-e098-4b63-aa36-0c5a4c143358}</UniqueIdentifier>
    </Filter>
    <Filter Include="Header Files\Drawing">
      <UniqueIdentifier>{cbb7cf21-e01d-4751-9223-a113a1a5baec}</UniqueIdentifier>
    </Filter>
    <Filter Include="Header Files\Tiles">
      <UniqueIdentifier>{b9cbe919-f36e-4cbb-8eea-290ca25d448a}</UniqueIdentifier>
    </Filter>
    <Filter Include="Header Files\Base">
      <UniqueIdentifier>{8c31f637-6a40-4fca-8f18-34de6cd8e12d}</UniqueIdentifier>
    </Filter>
    <Filter Include="Header Files\Sound">
      <UniqueIdentifier>{ca228855-9bc3-4f5a-9400-8d2a96a278ad}</UniqueIdentifier>
    </Filter>
    <Filter Include="Source Files\Sound">
      <UniqueIdentifier>{41e38eac-829f-406d-93b0-dd966213bc31}</UniqueIdentifier>
    </Filter>
    <Filter Include="Source Files\Base">
      <UniqueIdentifier>{88e1cf6c-c3d6-4cc8-a064-e2c61c9edcd9}</UniqueIdentifier>
    </Filter>
  </ItemGroup>
  <ItemGroup>
    <ClCompile Include="Ball.cpp">
      <Filter>Source Files\Entities</Filter>
    </ClCompile>
    <ClCompile Include="GameScene.cpp">
      <Filter>Source Files\Scenes</Filter>
    </ClCompile>
    <ClCompile Include="Scene.cpp">
      <Filter>Source Files\Scenes</Filter>
    </ClCompile>
    <ClCompile Include="StartMenuScene.cpp">
      <Filter>Source Files\Scenes</Filter>
    </ClCompile>
    <ClCompile Include="PasswordScene.cpp">
      <Filter>Source Files\Scenes</Filter>
    </ClCompile>
    <ClCompile Include="OptionsScene.cpp">
      <Filter>Source Files\Scenes</Filter>
    </ClCompile>
    <ClCompile Include="Player.cpp">
      <Filter>Source Files\Entities</Filter>
    </ClCompile>
    <ClCompile Include="TexturedQuad.cpp">
      <Filter>Source Files\Drawing</Filter>
    </ClCompile>
    <ClCompile Include="Shader.cpp">
      <Filter>Source Files\Drawing</Filter>
    </ClCompile>
    <ClCompile Include="ShaderProgram.cpp">
      <Filter>Source Files\Drawing</Filter>
    </ClCompile>
    <ClCompile Include="Sprite.cpp">
      <Filter>Source Files\Drawing</Filter>
    </ClCompile>
    <ClCompile Include="Texture.cpp">
      <Filter>Source Files\Drawing</Filter>
    </ClCompile>
    <ClCompile Include="TileMap.cpp">
      <Filter>Source Files\Tiles</Filter>
    </ClCompile>
    <ClCompile Include="Slide.cpp">
      <Filter>Source Files\Entities</Filter>
    </ClCompile>
    <ClCompile Include="Game.cpp">
      <Filter>Source Files\Base</Filter>
    </ClCompile>
    <ClCompile Include="Sound.cpp">
      <Filter>Source Files\Sound</Filter>
    </ClCompile>
    <ClCompile Include="main.cpp">
      <Filter>Source Files\Base</Filter>
    </ClCompile>
    <ClCompile Include="Tile.cpp">
      <Filter>Source Files\Tiles</Filter>
    </ClCompile>
    <ClCompile Include="MenuTileMap.cpp">
      <Filter>Source Files\Tiles</Filter>
    </ClCompile>
    <ClCompile Include="Bonus.cpp">
      <Filter>Source Files\Entities</Filter>
    </ClCompile>
    <ClCompile Include="Guardian.cpp">
      <Filter>Source Files\Entities</Filter>
    </ClCompile>
  </ItemGroup>
  <ItemGroup>
    <ClInclude Include="Ball.h">
      <Filter>Header Files\Entities</Filter>
    </ClInclude>
    <ClInclude Include="Player.h">
      <Filter>Header Files\Entities</Filter>
    </ClInclude>
    <ClInclude Include="Scene.h">
      <Filter>Header Files\Scenes</Filter>
    </ClInclude>
    <ClInclude Include="GameScene.h">
      <Filter>Header Files\Scenes</Filter>
    </ClInclude>
    <ClInclude Include="OptionsScene.h">
      <Filter>Header Files\Scenes</Filter>
    </ClInclude>
    <ClInclude Include="PasswordScene.h">
      <Filter>Header Files\Scenes</Filter>
    </ClInclude>
    <ClInclude Include="Shader.h">
      <Filter>Header Files\Drawing</Filter>
    </ClInclude>
    <ClInclude Include="Sprite.h">
      <Filter>Header Files\Drawing</Filter>
    </ClInclude>
    <ClInclude Include="TexturedQuad.h">
      <Filter>Header Files\Drawing</Filter>
    </ClInclude>
    <ClInclude Include="Texture.h">
      <Filter>Header Files\Drawing</Filter>
    </ClInclude>
    <ClInclude Include="AnimKeyframes.h">
      <Filter>Header Files\Drawing</Filter>
    </ClInclude>
    <ClInclude Include="Game.h">
      <Filter>Header Files\Base</Filter>
    </ClInclude>
    <ClInclude Include="TileMap.h">
      <Filter>Header Files\Tiles</Filter>
    </ClInclude>
    <ClInclude Include="Sound.h">
      <Filter>Header Files\Sound</Filter>
    </ClInclude>
    <ClInclude Include="Slide.h">
      <Filter>Header Files\Entities</Filter>
    </ClInclude>
    <ClInclude Include="ShaderProgram.h">
      <Filter>Header Files\Drawing</Filter>
    </ClInclude>
    <ClInclude Include="StartMenuScene.h">
      <Filter>Header Files\Scenes</Filter>
    </ClInclude>
    <ClInclude Include="Tile.h">
      <Filter>Header Files\Tiles</Filter>
    </ClInclude>
    <ClInclude Include="MenuTileMap.h">
      <Filter>Header Files\Tiles</Filter>
    </ClInclude>
    <ClInclude Include="Bonus.h">
      <Filter>Header Files\Entities</Filter>
    </ClInclude>
    <ClInclude Include="Guardian.h">
      <Filter>Header Files\Entities</Filter>
    </ClInclude>
  </ItemGroup>
  <ItemGroup>
    <Media Include="sounds\bell.wav">
      <Filter>Resource Files\sound</Filter>
    </Media>
    <Media Include="sounds\title_song.wav">
      <Filter>Resource Files\sound</Filter>
    </Media>
    <Media Include="sounds\tueeeeeeeeee.wav">
      <Filter>Resource Files\sound</Filter>
    </Media>
    <Media Include="sounds\blast.wav">
      <Filter>Resource Files\sound</Filter>
    </Media>
    <Media Include="sounds\bonus.wav">
      <Filter>Resource Files\sound</Filter>
    </Media>
    <Media Include="sounds\brick_collision.wav">
      <Filter>Resource Files\sound</Filter>
    </Media>
    <Media Include="sounds\double_slide.wav">
      <Filter>Resource Files\sound</Filter>
    </Media>
    <Media Include="sounds\lose_live.wav">
      <Filter>Resource Files\sound</Filter>
    </Media>
    <Media Include="sounds\player_collision.wav">
      <Filter>Resource Files\sound</Filter>
    </Media>
    <Media Include="sounds\moneyBag_01.wav">
      <Filter>Resource Files\sound</Filter>
    </Media>
    <Media Include="sounds\moneyBag_02.wav">
      <Filter>Resource Files\sound</Filter>
    </Media>
    <Media Include="sounds\moneyBag_03.wav">
      <Filter>Resource Files\sound</Filter>
    </Media>
    <Media Include="sounds\greenCard.wav">
      <Filter>Resource Files\sound</Filter>
    </Media>
  </ItemGroup>
  <ItemGroup>
    <Text Include="levels\level01.txt">
      <Filter>Resource Files\levels</Filter>
    </Text>
    <Text Include="levels\leveltest.txt">
      <Filter>Resource Files\levels</Filter>
    </Text>
    <Text Include="levels\menu.txt">
      <Filter>Resource Files\levels</Filter>
    </Text>
    <Text Include="levels\BANK_01.txt">
      <Filter>Resource Files\levels</Filter>
    </Text>
    <Text Include="levels\BANK_02.txt">
      <Filter>Resource Files\levels</Filter>
    </Text>
    <Text Include="levels\BANK_01_test.txt">
      <Filter>Resource Files\levels</Filter>
    </Text>
  </ItemGroup>
  <ItemGroup>
    <Image Include="images\ball.png">
      <Filter>Resource Files\images\sprites</Filter>
    </Image>
    <Image Include="images\eyes.png">
      <Filter>Resource Files\images\sprites</Filter>
    </Image>
    <Image Include="images\dynamic_tiles.png">
      <Filter>Resource Files\images\tile_texture</Filter>
    </Image>
    <Image Include="images\static_tiles.png">
      <Filter>Resource Files\images\tile_texture</Filter>
    </Image>
    <Image Include="images\bars.png">
      <Filter>Resource Files\images\sprites</Filter>
    </Image>
    <Image Include="images\chars.png">
      <Filter>Resource Files\images</Filter>
    </Image>
    <Image Include="images\credits_screen.png">
      <Filter>Resource Files\images\screen_texture</Filter>
    </Image>
    <Image Include="images\instructions_screen.png">
      <Filter>Resource Files\images\screen_texture</Filter>
    </Image>
    <Image Include="images\options_screen_credits.png">
      <Filter>Resource Files\images\screen_texture</Filter>
    </Image>
    <Image Include="images\options_screen_exit.png">
      <Filter>Resource Files\images\screen_texture</Filter>
    </Image>
    <Image Include="images\options_screen_instructions.png">
      <Filter>Resource Files\images\screen_texture</Filter>
    </Image>
    <Image Include="images\password_screen.png">
      <Filter>Resource Files\images\screen_texture</Filter>
    </Image>
    <Image Include="images\title_screen_01.png">
      <Filter>Resource Files\images\screen_texture</Filter>
    </Image>
    <Image Include="images\title_screen_02.png">
      <Filter>Resource Files\images\screen_texture</Filter>
    </Image>
    <Image Include="images\balls.png">
      <Filter>Resource Files\images\sprites</Filter>
    </Image>
    <Image Include="images\bonus.png">
      <Filter>Resource Files\images\sprites</Filter>
    </Image>
  </ItemGroup>
</Project>